
Microsoft Visual Studio Solution File, Format Version 12.00
# Visual Studio Version 16
VisualStudioVersion = 16.0.30804.86
MinimumVisualStudioVersion = 10.0.40219.1
Project("{FAE04EC0-301F-11D3-BF4B-00C04F79EFBC}") = "VENTASREALIZADAS", "VENTASREALIZADAS\VENTASREALIZADAS.csproj", "{F7983E10-5B8D-42E2-9B0F-6C658AF56045}"
EndProject
Project("{FAE04EC0-301F-11D3-BF4B-00C04F79EFBC}") = "clase", "clase\clase.csproj", "{2C2BBEAE-4F23-4102-9D30-34E8B448925D}"
EndProject
Global
	GlobalSection(SolutionConfigurationPlatforms) = preSolution
		Debug|Any CPU = Debug|Any CPU
		Release|Any CPU = Release|Any CPU
	EndGlobalSection
	GlobalSection(ProjectConfigurationPlatforms) = postSolution
		{F7983E10-5B8D-42E2-9B0F-6C658AF56045}.Debug|Any CPU.ActiveCfg = Debug|Any CPU
		{F7983E10-5B8D-42E2-9B0F-6C658AF56045}.Debug|Any CPU.Build.0 = Debug|Any CPU
		{F7983E10-5B8D-42E2-9B0F-6C658AF56045}.Release|Any CPU.ActiveCfg = Release|Any CPU
		{F7983E10-5B8D-42E2-9B0F-6C658AF56045}.Release|Any CPU.Build.0 = Release|Any CPU
		{2C2BBEAE-4F23-4102-9D30-34E8B448925D}.Debug|Any CPU.ActiveCfg = Debug|Any CPU
		{2C2BBEAE-4F23-4102-9D30-34E8B448925D}.Debug|Any CPU.Build.0 = Debug|Any CPU
		{2C2BBEAE-4F23-4102-9D30-34E8B448925D}.Release|Any CPU.ActiveCfg = Release|Any CPU
		{2C2BBEAE-4F23-4102-9D30-34E8B448925D}.Release|Any CPU.Build.0 = Release|Any CPU
	EndGlobalSection
	GlobalSection(SolutionProperties) = preSolution
		HideSolutionNode = FALSE
	EndGlobalSection
	GlobalSection(ExtensibilityGlobals) = postSolution
		SolutionGuid = {8791B4EE-7817-4B77-9294-D6BE9396DDA2}
	EndGlobalSection
EndGlobal
